<?xml version="1.0" encoding="utf-8"?>
<Project ToolsVersion="4.0" xmlns="http://schemas.microsoft.com/developer/msbuild/2003">
  <ItemGroup>
    <ClCompile Include="..\src\ofxEyeTribe.cpp">
      <Filter>addons\ofxEyeTribe\src</Filter>
    </ClCompile>
    <ClCompile Include="src\main.cpp">
      <Filter>src</Filter>
    </ClCompile>
    <ClCompile Include="src\testApp.cpp">
      <Filter>src</Filter>
    </ClCompile>
  </ItemGroup>
  <ItemGroup>
    <ClInclude Include="..\src\ofxEyeTribe.h">
      <Filter>addons\ofxEyeTribe\src</Filter>
    </ClInclude>
    <ClInclude Include="src\testApp.h">
      <Filter>src</Filter>
    </ClInclude>
  </ItemGroup>
  <ItemGroup>
    <ResourceCompile Include="icon.rc" />
  </ItemGroup>
  <ItemGroup>
    <Filter Include="src">
      <UniqueIdentifier>{983e496d-845d-45a2-a962-6514ae3fb33e}</UniqueIdentifier>
    </Filter>
    <Filter Include="addons">
      <UniqueIdentifier>{95185fa0-dafe-423a-ae5a-1d723abe90a2}</UniqueIdentifier>
    </Filter>
    <Filter Include="addons\ofxEyeTribe">
      <UniqueIdentifier>{a75fabd6-9538-4a01-a41d-af8dcf903364}</UniqueIdentifier>
    </Filter>
    <Filter Include="addons\ofxEyeTribe\src">
      <UniqueIdentifier>{8c3cee32-9bf8-4b2b-b05e-73f36b2eb9e6}</UniqueIdentifier>
    </Filter>
  </ItemGroup>
</Project>